
Microsoft Visual Studio Solution File, Format Version 12.00
# Visual Studio 15
VisualStudioVersion = 15.0.27130.2020
MinimumVisualStudioVersion = 10.0.40219.1
Project("{FAE04EC0-301F-11D3-BF4B-00C04F79EFBC}") = "AutoBuildEntity", "AutoBuildEntity\AutoBuildEntity.csproj", "{D66A2359-0BD8-4BA5-AF0C-A31BD7CDC1BC}"
EndProject
Global
	GlobalSection(SolutionConfigurationPlatforms) = preSolution
		Debug|Any CPU = Debug|Any CPU
		Release|Any CPU = Release|Any CPU
	EndGlobalSection
	GlobalSection(ProjectConfigurationPlatforms) = postSolution
		{D66A2359-0BD8-4BA5-AF0C-A31BD7CDC1BC}.Debug|Any CPU.ActiveCfg = Debug|Any CPU
		{D66A2359-0BD8-4BA5-AF0C-A31BD7CDC1BC}.Debug|Any CPU.Build.0 = Debug|Any CPU
		{D66A2359-0BD8-4BA5-AF0C-A31BD7CDC1BC}.Release|Any CPU.ActiveCfg = Release|Any CPU
		{D66A2359-0BD8-4BA5-AF0C-A31BD7CDC1BC}.Release|Any CPU.Build.0 = Release|Any CPU
	EndGlobalSection
	GlobalSection(SolutionProperties) = preSolution
		HideSolutionNode = FALSE
	EndGlobalSection
	GlobalSection(ExtensibilityGlobals) = postSolution
		SolutionGuid = {7741C249-CA51-4AE2-903A-CE4A2D33BAF5}
	EndGlobalSection
EndGlobal
